Microsoft Visual Studio Solution File, Format Version 8.00
Project("{FAE04EC0-301F-11D3-BF4B-00C04F79EFBC}") = "nettest", "nettest.csproj", "{D9482BE1-4F61-41E9-9B48-B8A8375AB814}"
	ProjectSection(ProjectDependencies) = postProject
	EndProjectSection
EndProject
Global
	GlobalSection(SolutionConfiguration) = preSolution
		Debug = Debug
		Release = Release
	EndGlobalSection
	GlobalSection(ProjectConfiguration) = postSolution
		{D9482BE1-4F61-41E9-9B48-B8A8375AB814}.Debug.ActiveCfg = Debug|.NET
		{D9482BE1-4F61-41E9-9B48-B8A8375AB814}.Debug.Build.0 = Debug|.NET
		{D9482BE1-4F61-41E9-9B48-B8A8375AB814}.Release.ActiveCfg = Release|.NET
		{D9482BE1-4F61-41E9-9B48-B8A8375AB814}.Release.Build.0 = Release|.NET
	EndGlobalSection
	GlobalSection(ExtensibilityGlobals) = postSolution
	EndGlobalSection
	GlobalSection(ExtensibilityAddIns) = postSolution
	EndGlobalSection
EndGlobal
